
Microsoft Visual Studio Solution File, Format Version 12.00
# Visual Studio Version 17
VisualStudioVersion = 17.3.32811.315
MinimumVisualStudioVersion = 10.0.40219.1
Project("{2150E333-8FDC-42A3-9474-1A3956D46DE8}") = "AdminPanel", "AdminPanel", "{8BC75B0E-720E-4C9F-8B7C-2AEA744A2A91}"
EndProject
Project("{9A19103F-16F7-4668-BE54-9A1E7A4F7556}") = "Tipoul.AdminPanel.WebUI", "AdminPanel\Tipoul.AdminPanel.WebUI\Tipoul.AdminPanel.WebUI.csproj", "{BF6AD611-9FD7-44F4-BD21-CBF0F6BAD720}"
EndProject
Project("{2150E333-8FDC-42A3-9474-1A3956D46DE8}") = "Authentication", "Authentication", "{B3141CF7-D25D-493E-A8E1-12D6DEC23A92}"
EndProject
Project("{9A19103F-16F7-4668-BE54-9A1E7A4F7556}") = "Tipoul.Athentication.Web", "Authentication\Tipoul.Athentication.Web\Tipoul.Athentication.Web.csproj", "{DD0079E6-3DDD-49F9-990D-B477031B8719}"
EndProject
Project("{9A19103F-16F7-4668-BE54-9A1E7A4F7556}") = "Tipoul.Athentication.Agent", "Authentication\Tipoul.Athentication.Agent\Tipoul.Athentication.Agent.csproj", "{6B71F181-4759-4785-B01C-64B485AB5100}"
EndProject
Project("{2150E333-8FDC-42A3-9474-1A3956D46DE8}") = "Framework", "Framework", "{B87B8539-8732-422B-996B-8A27C1332892}"
EndProject
Project("{9A19103F-16F7-4668-BE54-9A1E7A4F7556}") = "Tipoul.Framework.Utilities", "Framework\Tipoul.Framework.Utilities\Tipoul.Framework.Utilities.csproj", "{9085A755-E740-4BD6-BD78-C593234BDF4A}"
EndProject
Project("{2150E333-8FDC-42A3-9474-1A3956D46DE8}") = "BankingServices", "BankingServices", "{C3E49883-6CE8-47B0-9FAC-744A9B59BA37}"
EndProject
Project("{9A19103F-16F7-4668-BE54-9A1E7A4F7556}") = "Tipoul.Services.WebApi", "Services\Tipoul.Services.WebApi\Tipoul.Services.WebApi.csproj", "{0E650E08-1B64-4F4E-938B-03A25658D599}"
EndProject
Project("{9A19103F-16F7-4668-BE54-9A1E7A4F7556}") = "Tipoul.Shaparak.Services", "Framework\Tipoul.Framework.Services\Tipoul.Shaparak.Services.csproj", "{6A160961-C6FC-4743-B41A-03092B884988}"
EndProject
Project("{9A19103F-16F7-4668-BE54-9A1E7A4F7556}") = "Tipoul.Framework.StorageModels", "Framework\Tipoul.Framework.StorageModels\Tipoul.Framework.StorageModels.csproj", "{77632917-23A2-4574-88AC-C7DA492A8898}"
EndProject
Project("{9A19103F-16F7-4668-BE54-9A1E7A4F7556}") = "Tipoul.Framework.DataAccessLayer", "Framework\Tipoul.Framework.DataAccessLayer\Tipoul.Framework.DataAccessLayer.csproj", "{239AA042-6E4F-4185-BE51-4666D4038788}"
EndProject
Project("{2150E333-8FDC-42A3-9474-1A3956D46DE8}") = "UserPanel", "UserPanel", "{838D675D-F22F-4DFE-BA1E-FFB19CBF755F}"
EndProject
Project("{9A19103F-16F7-4668-BE54-9A1E7A4F7556}") = "Tipoul.UserPanel.WebUI", "UserPanel\Tipoul.UserPanel.WebUI\Tipoul.UserPanel.WebUI.csproj", "{E4FA9B5F-9D2F-4A7F-8D92-0FF69D8D302B}"
EndProject
Project("{2150E333-8FDC-42A3-9474-1A3956D46DE8}") = "Infrastructure", "Infrastructure", "{2E512A9D-98D4-44F8-B84C-7EA7F6AEF3F6}"
EndProject
Project("{9A19103F-16F7-4668-BE54-9A1E7A4F7556}") = "Tipoul.Infrastructure.RequestLog", "Infrastructure\Tipoul.Infrastructure.RequestLog\Tipoul.Infrastructure.RequestLog.csproj", "{C7B0BA4B-A699-42B6-A356-0FF8C74D71AC}"
EndProject
Project("{9A19103F-16F7-4668-BE54-9A1E7A4F7556}") = "Tipoul.Framework.Services.RequestLog", "Framework\Tipoul.Framework.Services.RequestLog\Tipoul.Framework.Services.RequestLog.csproj", "{C69A571D-BFF3-4351-BE4E-D1E42591A11F}"
EndProject
Project("{9A19103F-16F7-4668-BE54-9A1E7A4F7556}") = "Tipoul.Services.Agent", "Services\Tipoul.Services.Agent\Tipoul.Services.Agent.csproj", "{1288B640-1468-4AE7-B503-C59F6C0A8A1E}"
EndProject
Project("{9A19103F-16F7-4668-BE54-9A1E7A4F7556}") = "Tipoul.Services.Shared", "Services\Tipoul.Services.Shared\Tipoul.Services.Shared.csproj", "{B38848C8-FA23-41E2-B41D-B738632B71D8}"
EndProject
Project("{2150E333-8FDC-42A3-9474-1A3956D46DE8}") = "PersonalGateWay", "PersonalGateWay", "{68851778-05B4-4BE4-BE8C-111044227CB5}"
EndProject
Project("{9A19103F-16F7-4668-BE54-9A1E7A4F7556}") = "Tipoul.PersonalGateWay.WebUI", "PersonalGateWay\Tipoul.PersonalGateWay.WebUI\Tipoul.PersonalGateWay.WebUI.csproj", "{BCFF95D3-53AA-4094-B8B3-8645D996EE31}"
EndProject
Project("{2150E333-8FDC-42A3-9474-1A3956D46DE8}") = "Solution Items", "Solution Items", "{AE4AFBE3-EFFB-4AB1-B17D-F3123A549D70}"
	ProjectSection(SolutionItems) = preProject
		.editorconfig = .editorconfig
	EndProjectSection
EndProject
Project("{9A19103F-16F7-4668-BE54-9A1E7A4F7556}") = "Tipoul.Framework.ShahinService", "Tipoul.Framework.ShahinService\Tipoul.Framework.ShahinService.csproj", "{499F4B14-596C-42D7-BAB1-DF66028AFE71}"
EndProject
Project("{9A19103F-16F7-4668-BE54-9A1E7A4F7556}") = "Tipoul.Framework.Services.OpenBanking", "Framework\Tipoul.Framework.Services.OpenBanking\Tipoul.Framework.Services.OpenBanking.csproj", "{C078365E-05D3-4663-8FCF-4393FBA7F7D0}"
EndProject
Project("{9A19103F-16F7-4668-BE54-9A1E7A4F7556}") = "Tipoul.Services.Shahins.WebApi", "Tipoul.Services.Shahins.WebApi\Tipoul.Services.Shahins.WebApi.csproj", "{9D806D68-6470-4F16-BB21-743C214063DF}"
EndProject
Project("{2150E333-8FDC-42A3-9474-1A3956D46DE8}") = "Console", "Console", "{25DA54F0-57ED-4529-A796-F40A01246139}"
EndProject
Project("{2150E333-8FDC-42A3-9474-1A3956D46DE8}") = "CoreBanking", "CoreBanking", "{2E2C6D6F-3A40-4A69-B43B-A3282374A53A}"
EndProject
Project("{2150E333-8FDC-42A3-9474-1A3956D46DE8}") = "KYC", "KYC", "{340C3999-130C-4B53-81C4-F592F7970A0F}"
EndProject
Project("{2150E333-8FDC-42A3-9474-1A3956D46DE8}") = "Iban", "Iban", "{D64DD62D-7F1B-4991-80F5-DFECD3F47DE6}"
EndProject
Project("{2150E333-8FDC-42A3-9474-1A3956D46DE8}") = "Operation", "Operation", "{21EB2F34-66B5-4DBF-9F9D-F34400C6C60B}"
EndProject
Project("{2150E333-8FDC-42A3-9474-1A3956D46DE8}") = "Inquiry", "Inquiry", "{CC8C861E-7B49-4493-B473-3BE846B94EA2}"
EndProject
Project("{2150E333-8FDC-42A3-9474-1A3956D46DE8}") = "Account", "Account", "{A7C45075-0AC9-4CA3-A198-5FBFCF766E8E}"
EndProject
Project("{2150E333-8FDC-42A3-9474-1A3956D46DE8}") = "Card", "Card", "{D1182338-2955-4213-8F3C-510E3999A3A0}"
EndProject
Project("{2150E333-8FDC-42A3-9474-1A3956D46DE8}") = "NationalCode", "NationalCode", "{356E1591-C12A-4565-979A-B5F53E1E91E5}"
EndProject
Project("{2150E333-8FDC-42A3-9474-1A3956D46DE8}") = "MatchName", "MatchName", "{6352AC29-F0EB-4C1F-9114-6881DB88847C}"
EndProject
Project("{2150E333-8FDC-42A3-9474-1A3956D46DE8}") = "MatchNationalCode", "MatchNationalCode", "{6EA40A19-175E-49D9-B3D9-D6867F7F976C}"
EndProject
Project("{2150E333-8FDC-42A3-9474-1A3956D46DE8}") = "ToAccount", "ToAccount", "{91D42822-2E4C-4A18-923F-0855D0B1F879}"
EndProject
Project("{2150E333-8FDC-42A3-9474-1A3956D46DE8}") = "ToIban", "ToIban", "{5DA5A6FA-381E-48A0-B195-522B686D0EFC}"
EndProject
Project("{2150E333-8FDC-42A3-9474-1A3956D46DE8}") = "Inquiry", "Inquiry", "{E956335B-84C8-4812-8F85-3CF69C2FAF5C}"
EndProject
Project("{2150E333-8FDC-42A3-9474-1A3956D46DE8}") = "MatchNationalCode", "MatchNationalCode", "{E0A6959F-96F8-4E4D-9C79-3FD4849170A9}"
EndProject
Project("{2150E333-8FDC-42A3-9474-1A3956D46DE8}") = "MatchName", "MatchName", "{728EB215-5675-4485-A4B0-00ABCC99E06B}"
EndProject
Project("{2150E333-8FDC-42A3-9474-1A3956D46DE8}") = "ToIban", "ToIban", "{6153B3F2-53BF-4CED-9CCB-D3F8DC7ADA01}"
	ProjectSection(SolutionItems) = preProject
		Iban_InModel.cs = Iban_InModel.cs
	EndProjectSection
EndProject
Project("{2150E333-8FDC-42A3-9474-1A3956D46DE8}") = "MatchName", "MatchName", "{B18FE717-E064-4629-9062-32CEE30A164F}"
EndProject
Project("{2150E333-8FDC-42A3-9474-1A3956D46DE8}") = "MatchNationalCode", "MatchNationalCode", "{A2C45D11-0EE9-4013-A343-F54F28DB9F60}"
EndProject
Project("{2150E333-8FDC-42A3-9474-1A3956D46DE8}") = "Inquiry", "Inquiry", "{F56B1EBE-FB87-40D5-9B95-8E5F25DBE19B}"
EndProject
Project("{2150E333-8FDC-42A3-9474-1A3956D46DE8}") = "Transfer", "Transfer", "{8CB9CCC7-FBAA-44B0-B6E2-642BAC40350D}"
EndProject
Project("{2150E333-8FDC-42A3-9474-1A3956D46DE8}") = "Transfer", "Transfer", "{1046EA69-C623-4FD4-9A71-48F5F8A32BEE}"
EndProject
Project("{2150E333-8FDC-42A3-9474-1A3956D46DE8}") = "Inqiery", "Inqiery", "{27CD7F58-BCE9-456F-9053-A73782495256}"
	ProjectSection(SolutionItems) = preProject
		InModel.cs = InModel.cs
	EndProjectSection
EndProject
Project("{2150E333-8FDC-42A3-9474-1A3956D46DE8}") = "Switch", "Switch", "{635CBB70-0F37-4C3E-AA6E-97077D5BC349}"
EndProject
Project("{9A19103F-16F7-4668-BE54-9A1E7A4F7556}") = "Tipoul.CoreBanking.Services.KYC", "Tipoul.CoreBanking.Services.KYC\Tipoul.CoreBanking.Services.KYC.csproj", "{19D63715-0112-4064-9C6A-3860B809AB5A}"
EndProject
Project("{9A19103F-16F7-4668-BE54-9A1E7A4F7556}") = "Tipoul.CoreBanking.Switch", "Tipoul.CoreBanking.Switch\Tipoul.CoreBanking.Switch.csproj", "{0E52C02F-46C3-40C9-AF55-DA75D38BEFD5}"
EndProject
Project("{2150E333-8FDC-42A3-9474-1A3956D46DE8}") = "Shaparak", "Shaparak", "{8A7D61E6-D5D8-44A1-AAA3-9EDFFD550FE7}"
EndProject
Project("{2150E333-8FDC-42A3-9474-1A3956D46DE8}") = "OpenBanking", "OpenBanking", "{4569CAE6-EF89-4E39-86EB-8C435FBA16A1}"
EndProject
Project("{2150E333-8FDC-42A3-9474-1A3956D46DE8}") = "Wallet", "Wallet", "{83F9C14C-3771-4FDC-8F8A-6DD9B1177888}"
EndProject
Project("{9A19103F-16F7-4668-BE54-9A1E7A4F7556}") = "Tipoul.Wallet", "Tipoul.Wallet\Tipoul.Wallet.csproj", "{51B73035-DDBF-4B06-BBBC-145C076B7169}"
EndProject
Project("{9A19103F-16F7-4668-BE54-9A1E7A4F7556}") = "Tipoul.Console.WebApi", "Tipoul.Console.WebApi\Tipoul.Console.WebApi.csproj", "{8E583307-911F-43F8-838A-CC2CE2E12187}"
EndProject
Project("{9A19103F-16F7-4668-BE54-9A1E7A4F7556}") = "Tipoul.Shaparak.Switch", "Tipoul.Shaparak.Switch\Tipoul.Shaparak.Switch.csproj", "{B65C20FF-09E6-4A6F-BBA1-C9A81A752796}"
EndProject
Global
	GlobalSection(SolutionConfigurationPlatforms) = preSolution
		Debug|Any CPU = Debug|Any CPU
		Release|Any CPU = Release|Any CPU
	EndGlobalSection
	GlobalSection(ProjectConfigurationPlatforms) = postSolution
		{BF6AD611-9FD7-44F4-BD21-CBF0F6BAD720}.Debug|Any CPU.ActiveCfg = Debug|Any CPU
		{BF6AD611-9FD7-44F4-BD21-CBF0F6BAD720}.Debug|Any CPU.Build.0 = Debug|Any CPU
		{BF6AD611-9FD7-44F4-BD21-CBF0F6BAD720}.Release|Any CPU.ActiveCfg = Release|Any CPU
		{BF6AD611-9FD7-44F4-BD21-CBF0F6BAD720}.Release|Any CPU.Build.0 = Release|Any CPU
		{DD0079E6-3DDD-49F9-990D-B477031B8719}.Debug|Any CPU.ActiveCfg = Debug|Any CPU
		{DD0079E6-3DDD-49F9-990D-B477031B8719}.Debug|Any CPU.Build.0 = Debug|Any CPU
		{DD0079E6-3DDD-49F9-990D-B477031B8719}.Release|Any CPU.ActiveCfg = Release|Any CPU
		{DD0079E6-3DDD-49F9-990D-B477031B8719}.Release|Any CPU.Build.0 = Release|Any CPU
		{6B71F181-4759-4785-B01C-64B485AB5100}.Debug|Any CPU.ActiveCfg = Debug|Any CPU
		{6B71F181-4759-4785-B01C-64B485AB5100}.Debug|Any CPU.Build.0 = Debug|Any CPU
		{6B71F181-4759-4785-B01C-64B485AB5100}.Release|Any CPU.ActiveCfg = Release|Any CPU
		{6B71F181-4759-4785-B01C-64B485AB5100}.Release|Any CPU.Build.0 = Release|Any CPU
		{9085A755-E740-4BD6-BD78-C593234BDF4A}.Debug|Any CPU.ActiveCfg = Debug|Any CPU
		{9085A755-E740-4BD6-BD78-C593234BDF4A}.Debug|Any CPU.Build.0 = Debug|Any CPU
		{9085A755-E740-4BD6-BD78-C593234BDF4A}.Release|Any CPU.ActiveCfg = Release|Any CPU
		{9085A755-E740-4BD6-BD78-C593234BDF4A}.Release|Any CPU.Build.0 = Release|Any CPU
		{0E650E08-1B64-4F4E-938B-03A25658D599}.Debug|Any CPU.ActiveCfg = Debug|Any CPU
		{0E650E08-1B64-4F4E-938B-03A25658D599}.Debug|Any CPU.Build.0 = Debug|Any CPU
		{0E650E08-1B64-4F4E-938B-03A25658D599}.Release|Any CPU.ActiveCfg = Release|Any CPU
		{0E650E08-1B64-4F4E-938B-03A25658D599}.Release|Any CPU.Build.0 = Release|Any CPU
		{6A160961-C6FC-4743-B41A-03092B884988}.Debug|Any CPU.ActiveCfg = Debug|Any CPU
		{6A160961-C6FC-4743-B41A-03092B884988}.Debug|Any CPU.Build.0 = Debug|Any CPU
		{6A160961-C6FC-4743-B41A-03092B884988}.Release|Any CPU.ActiveCfg = Release|Any CPU
		{6A160961-C6FC-4743-B41A-03092B884988}.Release|Any CPU.Build.0 = Release|Any CPU
		{77632917-23A2-4574-88AC-C7DA492A8898}.Debug|Any CPU.ActiveCfg = Debug|Any CPU
		{77632917-23A2-4574-88AC-C7DA492A8898}.Debug|Any CPU.Build.0 = Debug|Any CPU
		{77632917-23A2-4574-88AC-C7DA492A8898}.Release|Any CPU.ActiveCfg = Release|Any CPU
		{77632917-23A2-4574-88AC-C7DA492A8898}.Release|Any CPU.Build.0 = Release|Any CPU
		{239AA042-6E4F-4185-BE51-4666D4038788}.Debug|Any CPU.ActiveCfg = Debug|Any CPU
		{239AA042-6E4F-4185-BE51-4666D4038788}.Debug|Any CPU.Build.0 = Debug|Any CPU
		{239AA042-6E4F-4185-BE51-4666D4038788}.Release|Any CPU.ActiveCfg = Release|Any CPU
		{239AA042-6E4F-4185-BE51-4666D4038788}.Release|Any CPU.Build.0 = Release|Any CPU
		{E4FA9B5F-9D2F-4A7F-8D92-0FF69D8D302B}.Debug|Any CPU.ActiveCfg = Debug|Any CPU
		{E4FA9B5F-9D2F-4A7F-8D92-0FF69D8D302B}.Debug|Any CPU.Build.0 = Debug|Any CPU
		{E4FA9B5F-9D2F-4A7F-8D92-0FF69D8D302B}.Release|Any CPU.ActiveCfg = Release|Any CPU
		{E4FA9B5F-9D2F-4A7F-8D92-0FF69D8D302B}.Release|Any CPU.Build.0 = Release|Any CPU
		{C7B0BA4B-A699-42B6-A356-0FF8C74D71AC}.Debug|Any CPU.ActiveCfg = Debug|Any CPU
		{C7B0BA4B-A699-42B6-A356-0FF8C74D71AC}.Debug|Any CPU.Build.0 = Debug|Any CPU
		{C7B0BA4B-A699-42B6-A356-0FF8C74D71AC}.Release|Any CPU.ActiveCfg = Release|Any CPU
		{C7B0BA4B-A699-42B6-A356-0FF8C74D71AC}.Release|Any CPU.Build.0 = Release|Any CPU
		{C69A571D-BFF3-4351-BE4E-D1E42591A11F}.Debug|Any CPU.ActiveCfg = Debug|Any CPU
		{C69A571D-BFF3-4351-BE4E-D1E42591A11F}.Debug|Any CPU.Build.0 = Debug|Any CPU
		{C69A571D-BFF3-4351-BE4E-D1E42591A11F}.Release|Any CPU.ActiveCfg = Release|Any CPU
		{C69A571D-BFF3-4351-BE4E-D1E42591A11F}.Release|Any CPU.Build.0 = Release|Any CPU
		{1288B640-1468-4AE7-B503-C59F6C0A8A1E}.Debug|Any CPU.ActiveCfg = Debug|Any CPU
		{1288B640-1468-4AE7-B503-C59F6C0A8A1E}.Debug|Any CPU.Build.0 = Debug|Any CPU
		{1288B640-1468-4AE7-B503-C59F6C0A8A1E}.Release|Any CPU.ActiveCfg = Release|Any CPU
		{1288B640-1468-4AE7-B503-C59F6C0A8A1E}.Release|Any CPU.Build.0 = Release|Any CPU
		{B38848C8-FA23-41E2-B41D-B738632B71D8}.Debug|Any CPU.ActiveCfg = Debug|Any CPU
		{B38848C8-FA23-41E2-B41D-B738632B71D8}.Debug|Any CPU.Build.0 = Debug|Any CPU
		{B38848C8-FA23-41E2-B41D-B738632B71D8}.Release|Any CPU.ActiveCfg = Release|Any CPU
		{B38848C8-FA23-41E2-B41D-B738632B71D8}.Release|Any CPU.Build.0 = Release|Any CPU
		{BCFF95D3-53AA-4094-B8B3-8645D996EE31}.Debug|Any CPU.ActiveCfg = Debug|Any CPU
		{BCFF95D3-53AA-4094-B8B3-8645D996EE31}.Debug|Any CPU.Build.0 = Debug|Any CPU
		{BCFF95D3-53AA-4094-B8B3-8645D996EE31}.Release|Any CPU.ActiveCfg = Release|Any CPU
		{BCFF95D3-53AA-4094-B8B3-8645D996EE31}.Release|Any CPU.Build.0 = Release|Any CPU
		{499F4B14-596C-42D7-BAB1-DF66028AFE71}.Debug|Any CPU.ActiveCfg = Debug|Any CPU
		{499F4B14-596C-42D7-BAB1-DF66028AFE71}.Debug|Any CPU.Build.0 = Debug|Any CPU
		{499F4B14-596C-42D7-BAB1-DF66028AFE71}.Release|Any CPU.ActiveCfg = Release|Any CPU
		{499F4B14-596C-42D7-BAB1-DF66028AFE71}.Release|Any CPU.Build.0 = Release|Any CPU
		{C078365E-05D3-4663-8FCF-4393FBA7F7D0}.Debug|Any CPU.ActiveCfg = Debug|Any CPU
		{C078365E-05D3-4663-8FCF-4393FBA7F7D0}.Debug|Any CPU.Build.0 = Debug|Any CPU
		{C078365E-05D3-4663-8FCF-4393FBA7F7D0}.Release|Any CPU.ActiveCfg = Release|Any CPU
		{C078365E-05D3-4663-8FCF-4393FBA7F7D0}.Release|Any CPU.Build.0 = Release|Any CPU
		{9D806D68-6470-4F16-BB21-743C214063DF}.Debug|Any CPU.ActiveCfg = Debug|Any CPU
		{9D806D68-6470-4F16-BB21-743C214063DF}.Debug|Any CPU.Build.0 = Debug|Any CPU
		{9D806D68-6470-4F16-BB21-743C214063DF}.Release|Any CPU.ActiveCfg = Release|Any CPU
		{9D806D68-6470-4F16-BB21-743C214063DF}.Release|Any CPU.Build.0 = Release|Any CPU
		{19D63715-0112-4064-9C6A-3860B809AB5A}.Debug|Any CPU.ActiveCfg = Debug|Any CPU
		{19D63715-0112-4064-9C6A-3860B809AB5A}.Debug|Any CPU.Build.0 = Debug|Any CPU
		{19D63715-0112-4064-9C6A-3860B809AB5A}.Release|Any CPU.ActiveCfg = Release|Any CPU
		{19D63715-0112-4064-9C6A-3860B809AB5A}.Release|Any CPU.Build.0 = Release|Any CPU
		{0E52C02F-46C3-40C9-AF55-DA75D38BEFD5}.Debug|Any CPU.ActiveCfg = Debug|Any CPU
		{0E52C02F-46C3-40C9-AF55-DA75D38BEFD5}.Debug|Any CPU.Build.0 = Debug|Any CPU
		{0E52C02F-46C3-40C9-AF55-DA75D38BEFD5}.Release|Any CPU.ActiveCfg = Release|Any CPU
		{0E52C02F-46C3-40C9-AF55-DA75D38BEFD5}.Release|Any CPU.Build.0 = Release|Any CPU
		{51B73035-DDBF-4B06-BBBC-145C076B7169}.Debug|Any CPU.ActiveCfg = Debug|Any CPU
		{51B73035-DDBF-4B06-BBBC-145C076B7169}.Debug|Any CPU.Build.0 = Debug|Any CPU
		{51B73035-DDBF-4B06-BBBC-145C076B7169}.Release|Any CPU.ActiveCfg = Release|Any CPU
		{51B73035-DDBF-4B06-BBBC-145C076B7169}.Release|Any CPU.Build.0 = Release|Any CPU
		{8E583307-911F-43F8-838A-CC2CE2E12187}.Debug|Any CPU.ActiveCfg = Debug|Any CPU
		{8E583307-911F-43F8-838A-CC2CE2E12187}.Debug|Any CPU.Build.0 = Debug|Any CPU
		{8E583307-911F-43F8-838A-CC2CE2E12187}.Release|Any CPU.ActiveCfg = Release|Any CPU
		{8E583307-911F-43F8-838A-CC2CE2E12187}.Release|Any CPU.Build.0 = Release|Any CPU
		{B65C20FF-09E6-4A6F-BBA1-C9A81A752796}.Debug|Any CPU.ActiveCfg = Debug|Any CPU
		{B65C20FF-09E6-4A6F-BBA1-C9A81A752796}.Debug|Any CPU.Build.0 = Debug|Any CPU
		{B65C20FF-09E6-4A6F-BBA1-C9A81A752796}.Release|Any CPU.ActiveCfg = Release|Any CPU
		{B65C20FF-09E6-4A6F-BBA1-C9A81A752796}.Release|Any CPU.Build.0 = Release|Any CPU
	EndGlobalSection
	GlobalSection(SolutionProperties) = preSolution
		HideSolutionNode = FALSE
	EndGlobalSection
	GlobalSection(NestedProjects) = preSolution
		{BF6AD611-9FD7-44F4-BD21-CBF0F6BAD720} = {8BC75B0E-720E-4C9F-8B7C-2AEA744A2A91}
		{DD0079E6-3DDD-49F9-990D-B477031B8719} = {B3141CF7-D25D-493E-A8E1-12D6DEC23A92}
		{6B71F181-4759-4785-B01C-64B485AB5100} = {B3141CF7-D25D-493E-A8E1-12D6DEC23A92}
		{9085A755-E740-4BD6-BD78-C593234BDF4A} = {B87B8539-8732-422B-996B-8A27C1332892}
		{0E650E08-1B64-4F4E-938B-03A25658D599} = {25DA54F0-57ED-4529-A796-F40A01246139}
		{6A160961-C6FC-4743-B41A-03092B884988} = {8A7D61E6-D5D8-44A1-AAA3-9EDFFD550FE7}
		{77632917-23A2-4574-88AC-C7DA492A8898} = {B87B8539-8732-422B-996B-8A27C1332892}
		{239AA042-6E4F-4185-BE51-4666D4038788} = {B87B8539-8732-422B-996B-8A27C1332892}
		{E4FA9B5F-9D2F-4A7F-8D92-0FF69D8D302B} = {838D675D-F22F-4DFE-BA1E-FFB19CBF755F}
		{C7B0BA4B-A699-42B6-A356-0FF8C74D71AC} = {2E512A9D-98D4-44F8-B84C-7EA7F6AEF3F6}
		{C69A571D-BFF3-4351-BE4E-D1E42591A11F} = {B87B8539-8732-422B-996B-8A27C1332892}
		{1288B640-1468-4AE7-B503-C59F6C0A8A1E} = {25DA54F0-57ED-4529-A796-F40A01246139}
		{B38848C8-FA23-41E2-B41D-B738632B71D8} = {25DA54F0-57ED-4529-A796-F40A01246139}
		{BCFF95D3-53AA-4094-B8B3-8645D996EE31} = {68851778-05B4-4BE4-BE8C-111044227CB5}
		{499F4B14-596C-42D7-BAB1-DF66028AFE71} = {B87B8539-8732-422B-996B-8A27C1332892}
		{C078365E-05D3-4663-8FCF-4393FBA7F7D0} = {4569CAE6-EF89-4E39-86EB-8C435FBA16A1}
		{9D806D68-6470-4F16-BB21-743C214063DF} = {C3E49883-6CE8-47B0-9FAC-744A9B59BA37}
		{340C3999-130C-4B53-81C4-F592F7970A0F} = {2E2C6D6F-3A40-4A69-B43B-A3282374A53A}
		{D64DD62D-7F1B-4991-80F5-DFECD3F47DE6} = {340C3999-130C-4B53-81C4-F592F7970A0F}
		{21EB2F34-66B5-4DBF-9F9D-F34400C6C60B} = {2E2C6D6F-3A40-4A69-B43B-A3282374A53A}
		{CC8C861E-7B49-4493-B473-3BE846B94EA2} = {D64DD62D-7F1B-4991-80F5-DFECD3F47DE6}
		{A7C45075-0AC9-4CA3-A198-5FBFCF766E8E} = {340C3999-130C-4B53-81C4-F592F7970A0F}
		{D1182338-2955-4213-8F3C-510E3999A3A0} = {340C3999-130C-4B53-81C4-F592F7970A0F}
		{356E1591-C12A-4565-979A-B5F53E1E91E5} = {340C3999-130C-4B53-81C4-F592F7970A0F}
		{6352AC29-F0EB-4C1F-9114-6881DB88847C} = {D64DD62D-7F1B-4991-80F5-DFECD3F47DE6}
		{6EA40A19-175E-49D9-B3D9-D6867F7F976C} = {D64DD62D-7F1B-4991-80F5-DFECD3F47DE6}
		{91D42822-2E4C-4A18-923F-0855D0B1F879} = {D1182338-2955-4213-8F3C-510E3999A3A0}
		{5DA5A6FA-381E-48A0-B195-522B686D0EFC} = {D1182338-2955-4213-8F3C-510E3999A3A0}
		{E956335B-84C8-4812-8F85-3CF69C2FAF5C} = {D1182338-2955-4213-8F3C-510E3999A3A0}
		{E0A6959F-96F8-4E4D-9C79-3FD4849170A9} = {D1182338-2955-4213-8F3C-510E3999A3A0}
		{728EB215-5675-4485-A4B0-00ABCC99E06B} = {D1182338-2955-4213-8F3C-510E3999A3A0}
		{6153B3F2-53BF-4CED-9CCB-D3F8DC7ADA01} = {A7C45075-0AC9-4CA3-A198-5FBFCF766E8E}
		{B18FE717-E064-4629-9062-32CEE30A164F} = {A7C45075-0AC9-4CA3-A198-5FBFCF766E8E}
		{A2C45D11-0EE9-4013-A343-F54F28DB9F60} = {A7C45075-0AC9-4CA3-A198-5FBFCF766E8E}
		{F56B1EBE-FB87-40D5-9B95-8E5F25DBE19B} = {356E1591-C12A-4565-979A-B5F53E1E91E5}
		{8CB9CCC7-FBAA-44B0-B6E2-642BAC40350D} = {21EB2F34-66B5-4DBF-9F9D-F34400C6C60B}
		{1046EA69-C623-4FD4-9A71-48F5F8A32BEE} = {8CB9CCC7-FBAA-44B0-B6E2-642BAC40350D}
		{27CD7F58-BCE9-456F-9053-A73782495256} = {8CB9CCC7-FBAA-44B0-B6E2-642BAC40350D}
		{635CBB70-0F37-4C3E-AA6E-97077D5BC349} = {2E2C6D6F-3A40-4A69-B43B-A3282374A53A}
		{19D63715-0112-4064-9C6A-3860B809AB5A} = {2E2C6D6F-3A40-4A69-B43B-A3282374A53A}
		{0E52C02F-46C3-40C9-AF55-DA75D38BEFD5} = {635CBB70-0F37-4C3E-AA6E-97077D5BC349}
		{51B73035-DDBF-4B06-BBBC-145C076B7169} = {83F9C14C-3771-4FDC-8F8A-6DD9B1177888}
		{8E583307-911F-43F8-838A-CC2CE2E12187} = {25DA54F0-57ED-4529-A796-F40A01246139}
		{B65C20FF-09E6-4A6F-BBA1-C9A81A752796} = {8A7D61E6-D5D8-44A1-AAA3-9EDFFD550FE7}
	EndGlobalSection
	GlobalSection(ExtensibilityGlobals) = postSolution
		SolutionGuid = {A7CF3284-D2F7-4FEB-BD61-9DF6080C06EC}
	EndGlobalSection
EndGlobal
